
Microsoft Visual Studio Solution File, Format Version 12.00
# Visual Studio Version 16
VisualStudioVersion = 16.0.32510.428
MinimumVisualStudioVersion = 10.0.40219.1
Project("{FAE04EC0-301F-11D3-BF4B-00C04F79EFBC}") = "LAZABDU", "LAZABDU\LAZABDU.csproj", "{5B229A91-72D9-42A4-83B5-CF552D0F26A7}"
EndProject
Global
	GlobalSection(SolutionConfigurationPlatforms) = preSolution
		Debug|Any CPU = Debug|Any CPU
		Release|Any CPU = Release|Any CPU
	EndGlobalSection
	GlobalSection(ProjectConfigurationPlatforms) = postSolution
		{5B229A91-72D9-42A4-83B5-CF552D0F26A7}.Debug|Any CPU.ActiveCfg = Debug|Any CPU
		{5B229A91-72D9-42A4-83B5-CF552D0F26A7}.Debug|Any CPU.Build.0 = Debug|Any CPU
		{5B229A91-72D9-42A4-83B5-CF552D0F26A7}.Release|Any CPU.ActiveCfg = Release|Any CPU
		{5B229A91-72D9-42A4-83B5-CF552D0F26A7}.Release|Any CPU.Build.0 = Release|Any CPU
	EndGlobalSection
	GlobalSection(SolutionProperties) = preSolution
		HideSolutionNode = FALSE
	EndGlobalSection
	GlobalSection(ExtensibilityGlobals) = postSolution
		SolutionGuid = {CE7D09F6-3B19-41A3-B178-FB6CB304AA44}
	EndGlobalSection
EndGlobal
